
Microsoft Visual Studio Solution File, Format Version 12.00
# Visual Studio Version 17
VisualStudioVersion = 17.3.32929.385
MinimumVisualStudioVersion = 10.0.40219.1
Project("{FAE04EC0-301F-11D3-BF4B-00C04F79EFBC}") = "SwapNumbers", "SwapNumbers\SwapNumbers.csproj", "{83C716E5-57B5-49E5-90DB-65C88296E8BE}"
EndProject
Global
	GlobalSection(SolutionConfigurationPlatforms) = preSolution
		Debug|Any CPU = Debug|Any CPU
		Release|Any CPU = Release|Any CPU
	EndGlobalSection
	GlobalSection(ProjectConfigurationPlatforms) = postSolution
		{83C716E5-57B5-49E5-90DB-65C88296E8BE}.Debug|Any CPU.ActiveCfg = Debug|Any CPU
		{83C716E5-57B5-49E5-90DB-65C88296E8BE}.Debug|Any CPU.Build.0 = Debug|Any CPU
		{83C716E5-57B5-49E5-90DB-65C88296E8BE}.Release|Any CPU.ActiveCfg = Release|Any CPU
		{83C716E5-57B5-49E5-90DB-65C88296E8BE}.Release|Any CPU.Build.0 = Release|Any CPU
	EndGlobalSection
	GlobalSection(SolutionProperties) = preSolution
		HideSolutionNode = FALSE
	EndGlobalSection
	GlobalSection(ExtensibilityGlobals) = postSolution
		SolutionGuid = {0DFF9362-A832-4B3B-A7F2-EE599516223B}
	EndGlobalSection
EndGlobal
